{
  "nodes": {
    "nixpkgs": {
      "locked": {
        "lastModified": 1731676054,
        "narHash": "sha256-OZiZ3m8SCMfh3B6bfGC/Bm4x3qc1m2SVEAlkV6iY7Yg=",
        "owner": "NixOS",
        "repo": "nixpkgs",
        "rev": "5e4fbfb6b3de1aa2872b76d49fafc942626e2add",
        "type": "github"
      },
      "original": {
        "owner": "NixOS",
        "ref": "nixos-unstable",
        "repo": "nixpkgs",
        "type": "github"
      }
    },
    "root": {
      "inputs": {
        "nixpkgs": "nixpkgs",
        "typst-packages": "typst-packages"
      }
    },
    "typst-packages": {
      "flake": false,
      "locked": {
        "lastModified": 1732009538,
        "narHash": "sha256-/ffJWMfUpUFCFwPnqOgY566EUjqQUc57HJkFG/wCz0g=",
        "owner": "typst",
        "repo": "packages",
        "rev": "223228f19f6e81d15775406d5c3a0110c789ef20",
        "type": "github"
      },
      "original": {
        "owner": "typst",
        "repo": "packages",
        "type": "github"
      }
    }
  },
  "root": "root",
  "version": 7
}
